// !$*UTF8*$!
{
	archiveVersion = 1;
	classes = {
	};
	objectVersion = 56;
	objects = {

/* Begin PBXBuildFile section */
		4B49EC8228C01B70004CBCCD /* Started.swift in Sources */ = {isa = PBXBuildFile; fileRef = 4B49EC8128C01B70004CBCCD /* Started.swift */; };
		4B49EC8428C01CF8004CBCCD /* Finished.swift in Sources */ = {isa = PBXBuildFile; fileRef = 4B49EC8328C01CF8004CBCCD /* Finished.swift */; };
		4B49EC8628C01E2B004CBCCD /* Started.swift in Sources */ = {isa = PBXBuildFile; fileRef = 4B49EC8528C01E2B004CBCCD /* Started.swift */; };
		4B49EC8828C01E69004CBCCD /* Finished.swift in Sources */ = {isa = PBXBuildFile; fileRef = 4B49EC8728C01E69004CBCCD /* Finished.swift */; };
		4B8FC1F228BEC6B200DCAAFB /* main.swift in Sources */ = {isa = PBXBuildFile; fileRef = 4B8FC1F128BEC6B200DCAAFB /* main.swift */; };
		4B8FC1FA28BEC71500DCAAFB /* Started.swift in Sources */ = {isa = PBXBuildFile; fileRef = 4B8FC1F928BEC71500DCAAFB /* Started.swift */; };
		4B8FC1FC28BEC75000DCAAFB /* Finished.swift in Sources */ = {isa = PBXBuildFile; fileRef = 4B8FC1FB28BEC75000DCAAFB /* Finished.swift */; };
		4B8FC20528BECB9E00DCAAFB /* Started.swift in Sources */ = {isa = PBXBuildFile; fileRef = 4B8FC20428BECB9E00DCAAFB /* Started.swift */; };
		4B8FC20728BECD9D00DCAAFB /* Finished.swift in Sources */ = {isa = PBXBuildFile; fileRef = 4B8FC20628BECD9D00DCAAFB /* Finished.swift */; };
		4B8FC20A28BED0B800DCAAFB /* Started.swift in Sources */ = {isa = PBXBuildFile; fileRef = 4B8FC20928BED0B800DCAAFB /* Started.swift */; };
		4B8FC20C28BED29700DCAAFB /* Finished.swift in Sources */ = {isa = PBXBuildFile; fileRef = 4B8FC20B28BED29700DCAAFB /* Finished.swift */; };
/* End PBXBuildFile section */

/* Begin PBXCopyFilesBuildPhase section */
		4B8FC1EC28BEC6B200DCAAFB /* CopyFiles */ = {
			isa = PBXCopyFilesBuildPhase;
			buildActionMask = 2147483647;
			dstPath = /usr/share/man/man1/;
			dstSubfolderSpec = 0;
			files = (
			);
			runOnlyForDeploymentPostprocessing = 1;
		};
/* End PBXCopyFilesBuildPhase section */

/* Begin PBXFileReference section */
		4B49EC8128C01B70004CBCCD /* Started.swift */ = {isa = PBXFileReference; lastKnownFileType = sourcecode.swift; path = Started.swift; sourceTree = "<group>"; };
		4B49EC8328C01CF8004CBCCD /* Finished.swift */ = {isa = PBXFileReference; lastKnownFileType = sourcecode.swift; path = Finished.swift; sourceTree = "<group>"; };
		4B49EC8528C01E2B004CBCCD /* Started.swift */ = {isa = PBXFileReference; lastKnownFileType = sourcecode.swift; path = Started.swift; sourceTree = "<group>"; };
		4B49EC8728C01E69004CBCCD /* Finished.swift */ = {isa = PBXFileReference; lastKnownFileType = sourcecode.swift; path = Finished.swift; sourceTree = "<group>"; };
		4B8FC1EE28BEC6B200DCAAFB /* swift-solid-principles */ = {isa = PBXFileReference; explicitFileType = "compiled.mach-o.executable"; includeInIndex = 0; path = "swift-solid-principles"; sourceTree = BUILT_PRODUCTS_DIR; };
		4B8FC1F128BEC6B200DCAAFB /* main.swift */ = {isa = PBXFileReference; lastKnownFileType = sourcecode.swift; path = main.swift; sourceTree = "<group>"; };
		4B8FC1F928BEC71500DCAAFB /* Started.swift */ = {isa = PBXFileReference; lastKnownFileType = sourcecode.swift; path = Started.swift; sourceTree = "<group>"; };
		4B8FC1FB28BEC75000DCAAFB /* Finished.swift */ = {isa = PBXFileReference; lastKnownFileType = sourcecode.swift; path = Finished.swift; sourceTree = "<group>"; };
		4B8FC20428BECB9E00DCAAFB /* Started.swift */ = {isa = PBXFileReference; lastKnownFileType = sourcecode.swift; path = Started.swift; sourceTree = "<group>"; };
		4B8FC20628BECD9D00DCAAFB /* Finished.swift */ = {isa = PBXFileReference; lastKnownFileType = sourcecode.swift; path = Finished.swift; sourceTree = "<group>"; };
		4B8FC20928BED0B800DCAAFB /* Started.swift */ = {isa = PBXFileReference; lastKnownFileType = sourcecode.swift; path = Started.swift; sourceTree = "<group>"; };
		4B8FC20B28BED29700DCAAFB /* Finished.swift */ = {isa = PBXFileReference; lastKnownFileType = sourcecode.swift; path = Finished.swift; sourceTree = "<group>"; };
/* End PBXFileReference section */

/* Begin PBXFrameworksBuildPhase section */
		4B8FC1EB28BEC6B200DCAAFB /* Frameworks */ = {
			isa = PBXFrameworksBuildPhase;
			buildActionMask = 2147483647;
			files = (
			);
			runOnlyForDeploymentPostprocessing = 0;
		};
/* End PBXFrameworksBuildPhase section */

/* Begin PBXGroup section */
		4B8FC1E528BEC6B200DCAAFB = {
			isa = PBXGroup;
			children = (
				4B8FC1F028BEC6B200DCAAFB /* swift-solid-principles */,
				4B8FC1EF28BEC6B200DCAAFB /* Products */,
			);
			sourceTree = "<group>";
		};
		4B8FC1EF28BEC6B200DCAAFB /* Products */ = {
			isa = PBXGroup;
			children = (
				4B8FC1EE28BEC6B200DCAAFB /* swift-solid-principles */,
			);
			name = Products;
			sourceTree = "<group>";
		};
		4B8FC1F028BEC6B200DCAAFB /* swift-solid-principles */ = {
			isa = PBXGroup;
			children = (
				4B8FC20828BED08E00DCAAFB /* Dependency_Inversion */,
				4B8FC1F128BEC6B200DCAAFB /* main.swift */,
				4B8FC20328BECB4700DCAAFB /* Interface_Segregation */,
				4B8FC20228BECB2A00DCAAFB /* Liskov_Substitution */,
				4B8FC20128BECB1400DCAAFB /* Open_Closed */,
				4B8FC1F828BEC6D700DCAAFB /* Single_Responsiblity */,
			);
			path = "swift-solid-principles";
			sourceTree = "<group>";
		};
		4B8FC1F828BEC6D700DCAAFB /* Single_Responsiblity */ = {
			isa = PBXGroup;
			children = (
				4B8FC1FB28BEC75000DCAAFB /* Finished.swift */,
				4B8FC1F928BEC71500DCAAFB /* Started.swift */,
			);
			path = Single_Responsiblity;
			sourceTree = "<group>";
		};
		4B8FC20128BECB1400DCAAFB /* Open_Closed */ = {
			isa = PBXGroup;
			children = (
				4B8FC20428BECB9E00DCAAFB /* Started.swift */,
				4B8FC20628BECD9D00DCAAFB /* Finished.swift */,
			);
			path = Open_Closed;
			sourceTree = "<group>";
		};
		4B8FC20228BECB2A00DCAAFB /* Liskov_Substitution */ = {
			isa = PBXGroup;
			children = (
				4B8FC20928BED0B800DCAAFB /* Started.swift */,
				4B8FC20B28BED29700DCAAFB /* Finished.swift */,
			);
			path = Liskov_Substitution;
			sourceTree = "<group>";
		};
		4B8FC20328BECB4700DCAAFB /* Interface_Segregation */ = {
			isa = PBXGroup;
			children = (
				4B49EC8128C01B70004CBCCD /* Started.swift */,
				4B49EC8328C01CF8004CBCCD /* Finished.swift */,
			);
			path = Interface_Segregation;
			sourceTree = "<group>";
		};
		4B8FC20828BED08E00DCAAFB /* Dependency_Inversion */ = {
			isa = PBXGroup;
			children = (
				4B49EC8528C01E2B004CBCCD /* Started.swift */,
				4B49EC8728C01E69004CBCCD /* Finished.swift */,
			);
			path = Dependency_Inversion;
			sourceTree = "<group>";
		};
/* End PBXGroup section */

/* Begin PBXNativeTarget section */
		4B8FC1ED28BEC6B200DCAAFB /* swift-solid-principles */ = {
			isa = PBXNativeTarget;
			buildConfigurationList = 4B8FC1F528BEC6B200DCAAFB /* Build configuration list for PBXNativeTarget "swift-solid-principles" */;
			buildPhases = (
				4B8FC1EA28BEC6B200DCAAFB /* Sources */,
				4B8FC1EB28BEC6B200DCAAFB /* Frameworks */,
				4B8FC1EC28BEC6B200DCAAFB /* CopyFiles */,
			);
			buildRules = (
			);
			dependencies = (
			);
			name = "swift-solid-principles";
			productName = "swift-solid-principles";
			productReference = 4B8FC1EE28BEC6B200DCAAFB /* swift-solid-principles */;
			productType = "com.apple.product-type.tool";
		};
/* End PBXNativeTarget section */

/* Begin PBXProject section */
		4B8FC1E628BEC6B200DCAAFB /* Project object */ = {
			isa = PBXProject;
			attributes = {
				BuildIndependentTargetsInParallel = 1;
				LastSwiftUpdateCheck = 1400;
				LastUpgradeCheck = 1400;
				TargetAttributes = {
					4B8FC1ED28BEC6B200DCAAFB = {
						CreatedOnToolsVersion = 14.0;
					};
				};
			};
			buildConfigurationList = 4B8FC1E928BEC6B200DCAAFB /* Build configuration list for PBXProject "swift-solid-principles" */;
			compatibilityVersion = "Xcode 14.0";
			developmentRegion = en;
			hasScannedForEncodings = 0;
			knownRegions = (
				en,
				Base,
			);
			mainGroup = 4B8FC1E528BEC6B200DCAAFB;
			productRefGroup = 4B8FC1EF28BEC6B200DCAAFB /* Products */;
			projectDirPath = "";
			projectRoot = "";
			targets = (
				4B8FC1ED28BEC6B200DCAAFB /* swift-solid-principles */,
			);
		};
/* End PBXProject section */

/* Begin PBXSourcesBuildPhase section */
		4B8FC1EA28BEC6B200DCAAFB /* Sources */ = {
			isa = PBXSourcesBuildPhase;
			buildActionMask = 2147483647;
			files = (
				4B8FC20728BECD9D00DCAAFB /* Finished.swift in Sources */,
				4B8FC20A28BED0B800DCAAFB /* Started.swift in Sources */,
				4B8FC1F228BEC6B200DCAAFB /* main.swift in Sources */,
				4B49EC8628C01E2B004CBCCD /* Started.swift in Sources */,
				4B8FC1FA28BEC71500DCAAFB /* Started.swift in Sources */,
				4B8FC20C28BED29700DCAAFB /* Finished.swift in Sources */,
				4B8FC1FC28BEC75000DCAAFB /* Finished.swift in Sources */,
				4B8FC20528BECB9E00DCAAFB /* Started.swift in Sources */,
				4B49EC8228C01B70004CBCCD /* Started.swift in Sources */,
				4B49EC8828C01E69004CBCCD /* Finished.swift in Sources */,
				4B49EC8428C01CF8004CBCCD /* Finished.swift in Sources */,
			);
			runOnlyForDeploymentPostprocessing = 0;
		};
/* End PBXSourcesBuildPhase section */

/* Begin XCBuildConfiguration section */
		4B8FC1F328BEC6B200DCAAFB /* Debug */ = {
			isa = XCBuildConfiguration;
			buildSettings = {
				ALWAYS_SEARCH_USER_PATHS = NO;
				CLANG_ANALYZER_NONNULL = YES;
				CLANG_ANALYZER_NUMBER_OBJECT_CONVERSION = YES_AGGRESSIVE;
				CLANG_CXX_LANGUAGE_STANDARD = "gnu++17";
				CLANG_ENABLE_MODULES = YES;
				CLANG_ENABLE_OBJC_ARC = YES;
				CLANG_ENABLE_OBJC_WEAK = YES;
				CLANG_WARN_BLOCK_CAPTURE_AUTORELEASING = YES;
				CLANG_WARN_BOOL_CONVERSION = YES;
				CLANG_WARN_COMMA = YES;
				CLANG_WARN_CONSTANT_CONVERSION = YES;
				CLANG_WARN_DEPRECATED_OBJC_IMPLEMENTATIONS = YES;
				CLANG_WARN_DIRECT_OBJC_ISA_USAGE = YES_ERROR;
				CLANG_WARN_DOCUMENTATION_COMMENTS = YES;
				CLANG_WARN_EMPTY_BODY = YES;
				CLANG_WARN_ENUM_CONVERSION = YES;
				CLANG_WARN_INFINITE_RECURSION = YES;
				CLANG_WARN_INT_CONVERSION = YES;
				CLANG_WARN_NON_LITERAL_NULL_CONVERSION = YES;
				CLANG_WARN_OBJC_IMPLICIT_RETAIN_SELF = YES;
				CLANG_WARN_OBJC_LITERAL_CONVERSION = YES;
				CLANG_WARN_OBJC_ROOT_CLASS = YES_ERROR;
				CLANG_WARN_QUOTED_INCLUDE_IN_FRAMEWORK_HEADER = YES;
				CLANG_WARN_RANGE_LOOP_ANALYSIS = YES;
				CLANG_WARN_STRICT_PROTOTYPES = YES;
				CLANG_WARN_SUSPICIOUS_MOVE = YES;
				CLANG_WARN_UNGUARDED_AVAILABILITY = YES_AGGRESSIVE;
				CLANG_WARN_UNREACHABLE_CODE = YES;
				CLANG_WARN__DUPLICATE_METHOD_MATCH = YES;
				COPY_PHASE_STRIP = NO;
				DEBUG_INFORMATION_FORMAT = dwarf;
				ENABLE_STRICT_OBJC_MSGSEND = YES;
				ENABLE_TESTABILITY = YES;
				GCC_C_LANGUAGE_STANDARD = gnu11;
				GCC_DYNAMIC_NO_PIC = NO;
				GCC_NO_COMMON_BLOCKS = YES;
				GCC_OPTIMIZATION_LEVEL = 0;
				GCC_PREPROCESSOR_DEFINITIONS = (
					"DEBUG=1",
					"$(inherited)",
				);
				GCC_WARN_64_TO_32_BIT_CONVERSION = YES;
				GCC_WARN_ABOUT_RETURN_TYPE = YES_ERROR;
				GCC_WARN_UNDECLARED_SELECTOR = YES;
				GCC_WARN_UNINITIALIZED_AUTOS = YES_AGGRESSIVE;
				GCC_WARN_UNUSED_FUNCTION = YES;
				GCC_WARN_UNUSED_VARIABLE = YES;
				MACOSX_DEPLOYMENT_TARGET = 12.4;
				MTL_ENABLE_DEBUG_INFO = INCLUDE_SOURCE;
				MTL_FAST_MATH = YES;
				ONLY_ACTIVE_ARCH = YES;
				SDKROOT = macosx;
				SWIFT_ACTIVE_COMPILATION_CONDITIONS = DEBUG;
				SWIFT_OPTIMIZATION_LEVEL = "-Onone";
			};
			name = Debug;
		};
		4B8FC1F428BEC6B200DCAAFB /* Release */ = {
			isa = XCBuildConfiguration;
			buildSettings = {
				ALWAYS_SEARCH_USER_PATHS = NO;
				CLANG_ANALYZER_NONNULL = YES;
				CLANG_ANALYZER_NUMBER_OBJECT_CONVERSION = YES_AGGRESSIVE;
				CLANG_CXX_LANGUAGE_STANDARD = "gnu++17";
				CLANG_ENABLE_MODULES = YES;
				CLANG_ENABLE_OBJC_ARC = YES;
				CLANG_ENABLE_OBJC_WEAK = YES;
				CLANG_WARN_BLOCK_CAPTURE_AUTORELEASING = YES;
				CLANG_WARN_BOOL_CONVERSION = YES;
				CLANG_WARN_COMMA = YES;
				CLANG_WARN_CONSTANT_CONVERSION = YES;
				CLANG_WARN_DEPRECATED_OBJC_IMPLEMENTATIONS = YES;
				CLANG_WARN_DIRECT_OBJC_ISA_USAGE = YES_ERROR;
				CLANG_WARN_DOCUMENTATION_COMMENTS = YES;
				CLANG_WARN_EMPTY_BODY = YES;
				CLANG_WARN_ENUM_CONVERSION = YES;
				CLANG_WARN_INFINITE_RECURSION = YES;
				CLANG_WARN_INT_CONVERSION = YES;
				CLANG_WARN_NON_LITERAL_NULL_CONVERSION = YES;
				CLANG_WARN_OBJC_IMPLICIT_RETAIN_SELF = YES;
				CLANG_WARN_OBJC_LITERAL_CONVERSION = YES;
				CLANG_WARN_OBJC_ROOT_CLASS = YES_ERROR;
				CLANG_WARN_QUOTED_INCLUDE_IN_FRAMEWORK_HEADER = YES;
				CLANG_WARN_RANGE_LOOP_ANALYSIS = YES;
				CLANG_WARN_STRICT_PROTOTYPES = YES;
				CLANG_WARN_SUSPICIOUS_MOVE = YES;
				CLANG_WARN_UNGUARDED_AVAILABILITY = YES_AGGRESSIVE;
				CLANG_WARN_UNREACHABLE_CODE = YES;
				CLANG_WARN__DUPLICATE_METHOD_MATCH = YES;
				COPY_PHASE_STRIP = NO;
				DEBUG_INFORMATION_FORMAT = "dwarf-with-dsym";
				ENABLE_NS_ASSERTIONS = NO;
				ENABLE_STRICT_OBJC_MSGSEND = YES;
				GCC_C_LANGUAGE_STANDARD = gnu11;
				GCC_NO_COMMON_BLOCKS = YES;
				GCC_WARN_64_TO_32_BIT_CONVERSION = YES;
				GCC_WARN_ABOUT_RETURN_TYPE = YES_ERROR;
				GCC_WARN_UNDECLARED_SELECTOR = YES;
				GCC_WARN_UNINITIALIZED_AUTOS = YES_AGGRESSIVE;
				GCC_WARN_UNUSED_FUNCTION = YES;
				GCC_WARN_UNUSED_VARIABLE = YES;
				MACOSX_DEPLOYMENT_TARGET = 12.4;
				MTL_ENABLE_DEBUG_INFO = NO;
				MTL_FAST_MATH = YES;
				SDKROOT = macosx;
				SWIFT_COMPILATION_MODE = wholemodule;
				SWIFT_OPTIMIZATION_LEVEL = "-O";
			};
			name = Release;
		};
		4B8FC1F628BEC6B200DCAAFB /* Debug */ = {
			isa = XCBuildConfiguration;
			buildSettings = {
				CODE_SIGN_STYLE = Automatic;
				DEVELOPMENT_TEAM = GZNR5GETS3;
				ENABLE_HARDENED_RUNTIME = YES;
				PRODUCT_NAME = "$(TARGET_NAME)";
				SWIFT_VERSION = 5.0;
			};
			name = Debug;
		};
		4B8FC1F728BEC6B200DCAAFB /* Release */ = {
			isa = XCBuildConfiguration;
			buildSettings = {
				CODE_SIGN_STYLE = Automatic;
				DEVELOPMENT_TEAM = GZNR5GETS3;
				ENABLE_HARDENED_RUNTIME = YES;
				PRODUCT_NAME = "$(TARGET_NAME)";
				SWIFT_VERSION = 5.0;
			};
			name = Release;
		};
/* End XCBuildConfiguration section */

/* Begin XCConfigurationList section */
		4B8FC1E928BEC6B200DCAAFB /* Build configuration list for PBXProject "swift-solid-principles" */ = {
			isa = XCConfigurationList;
			buildConfigurations = (
				4B8FC1F328BEC6B200DCAAFB /* Debug */,
				4B8FC1F428BEC6B200DCAAFB /* Release */,
			);
			defaultConfigurationIsVisible = 0;
			defaultConfigurationName = Release;
		};
		4B8FC1F528BEC6B200DCAAFB /* Build configuration list for PBXNativeTarget "swift-solid-principles" */ = {
			isa = XCConfigurationList;
			buildConfigurations = (
				4B8FC1F628BEC6B200DCAAFB /* Debug */,
				4B8FC1F728BEC6B200DCAAFB /* Release */,
			);
			defaultConfigurationIsVisible = 0;
			defaultConfigurationName = Release;
		};
/* End XCConfigurationList section */
	};
	rootObject = 4B8FC1E628BEC6B200DCAAFB /* Project object */;
}
